[[package]]
name = "zk_deck_shuffle.aleo"
location = "local"
path = "/home/henrik/Projects/poker/imports/zk_deck_shuffle/"
checksum = "dd681d06ea284538a3a71886a2ac928e24d69ea38535cfb99ad408cb5538916f"
dependencies = []

[[package]]
name = "zk_sra_encryption.aleo"
location = "local"
path = "/home/henrik/Projects/poker/imports/zk_sra_encryption/"
checksum = "086a4e9608522980f90b0a5c483b6a6ccbf833fc22daf0428504b47c3c285366"
dependencies = []
